// !$*UTF8*$!
{
	archiveVersion = 1;
	classes = {
	};
	objectVersion = 56;
	objects = {

/* Begin PBXBuildFile section */
		6E8D1C11295099A5005FA428 /* AppDelegate.swift in Sources */ = {isa = PBXBuildFile; fileRef = 6E8D1C10295099A5005FA428 /* AppDelegate.swift */; };
		6E8D1C13295099A5005FA428 /* SceneDelegate.swift in Sources */ = {isa = PBXBuildFile; fileRef = 6E8D1C12295099A5005FA428 /* SceneDelegate.swift */; };
		6E8D1C15295099A5005FA428 /* ViewController.swift in Sources */ = {isa = PBXBuildFile; fileRef = 6E8D1C14295099A5005FA428 /* ViewController.swift */; };
		6E8D1C18295099A5005FA428 /* Main.storyboard in Resources */ = {isa = PBXBuildFile; fileRef = 6E8D1C16295099A5005FA428 /* Main.storyboard */; };
		6E8D1C1A295099A6005FA428 /* Assets.xcassets in Resources */ = {isa = PBXBuildFile; fileRef = 6E8D1C19295099A6005FA428 /* Assets.xcassets */; };
		6E8D1C1D295099A6005FA428 /* LaunchScreen.storyboard in Resources */ = {isa = PBXBuildFile; fileRef = 6E8D1C1B295099A6005FA428 /* LaunchScreen.storyboard */; };
		6E8D1C28295099A7005FA428 /* Recognition__iOS_Tests.swift in Sources */ = {isa = PBXBuildFile; fileRef = 6E8D1C27295099A7005FA428 /* Recognition__iOS_Tests.swift */; };
		6E8D1C32295099A7005FA428 /* Recognition__iOS_UITests.swift in Sources */ = {isa = PBXBuildFile; fileRef = 6E8D1C31295099A7005FA428 /* Recognition__iOS_UITests.swift */; };
		6E8D1C34295099A7005FA428 /* Recognition__iOS_UITestsLaunchTests.swift in Sources */ = {isa = PBXBuildFile; fileRef = 6E8D1C33295099A7005FA428 /* Recognition__iOS_UITestsLaunchTests.swift */; };
/* End PBXBuildFile section */

/* Begin PBXContainerItemProxy section */
		6E8D1C24295099A7005FA428 /* PBXContainerItemProxy */ = {
			isa = PBXContainerItemProxy;
			containerPortal = 6E8D1C05295099A5005FA428 /* Project object */;
			proxyType = 1;
			remoteGlobalIDString = 6E8D1C0C295099A5005FA428;
			remoteInfo = "Recognition (iOS)";
		};
		6E8D1C2E295099A7005FA428 /* PBXContainerItemProxy */ = {
			isa = PBXContainerItemProxy;
			containerPortal = 6E8D1C05295099A5005FA428 /* Project object */;
			proxyType = 1;
			remoteGlobalIDString = 6E8D1C0C295099A5005FA428;
			remoteInfo = "Recognition (iOS)";
		};
/* End PBXContainerItemProxy section */

/* Begin PBXFileReference section */
		6E8D1C0D295099A5005FA428 /* Recognition (iOS).app */ = {isa = PBXFileReference; explicitFileType = wrapper.application; includeInIndex = 0; path = "Recognition (iOS).app"; sourceTree = BUILT_PRODUCTS_DIR; };
		6E8D1C10295099A5005FA428 /* AppDelegate.swift */ = {isa = PBXFileReference; lastKnownFileType = sourcecode.swift; path = AppDelegate.swift; sourceTree = "<group>"; };
		6E8D1C12295099A5005FA428 /* SceneDelegate.swift */ = {isa = PBXFileReference; lastKnownFileType = sourcecode.swift; path = SceneDelegate.swift; sourceTree = "<group>"; };
		6E8D1C14295099A5005FA428 /* ViewController.swift */ = {isa = PBXFileReference; lastKnownFileType = sourcecode.swift; path = ViewController.swift; sourceTree = "<group>"; };
		6E8D1C17295099A5005FA428 /* Base */ = {isa = PBXFileReference; lastKnownFileType = file.storyboard; name = Base; path = Base.lproj/Main.storyboard; sourceTree = "<group>"; };
		6E8D1C19295099A6005FA428 /* Assets.xcassets */ = {isa = PBXFileReference; lastKnownFileType = folder.assetcatalog; path = Assets.xcassets; sourceTree = "<group>"; };
		6E8D1C1C295099A6005FA428 /* Base */ = {isa = PBXFileReference; lastKnownFileType = file.storyboard; name = Base; path = Base.lproj/LaunchScreen.storyboard; sourceTree = "<group>"; };
		6E8D1C1E295099A6005FA428 /* Info.plist */ = {isa = PBXFileReference; lastKnownFileType = text.plist.xml; path = Info.plist; sourceTree = "<group>"; };
		6E8D1C23295099A7005FA428 /* Recognition (iOS)Tests.xctest */ = {isa = PBXFileReference; explicitFileType = wrapper.cfbundle; includeInIndex = 0; path = "Recognition (iOS)Tests.xctest"; sourceTree = BUILT_PRODUCTS_DIR; };
		6E8D1C27295099A7005FA428 /* Recognition__iOS_Tests.swift */ = {isa = PBXFileReference; lastKnownFileType = sourcecode.swift; path = Recognition__iOS_Tests.swift; sourceTree = "<group>"; };
		6E8D1C2D295099A7005FA428 /* Recognition (iOS)UITests.xctest */ = {isa = PBXFileReference; explicitFileType = wrapper.cfbundle; includeInIndex = 0; path = "Recognition (iOS)UITests.xctest"; sourceTree = BUILT_PRODUCTS_DIR; };
		6E8D1C31295099A7005FA428 /* Recognition__iOS_UITests.swift */ = {isa = PBXFileReference; lastKnownFileType = sourcecode.swift; path = Recognition__iOS_UITests.swift; sourceTree = "<group>"; };
		6E8D1C33295099A7005FA428 /* Recognition__iOS_UITestsLaunchTests.swift */ = {isa = PBXFileReference; lastKnownFileType = sourcecode.swift; path = Recognition__iOS_UITestsLaunchTests.swift; sourceTree = "<group>"; };
/* End PBXFileReference section */

/* Begin PBXFrameworksBuildPhase section */
		6E8D1C0A295099A5005FA428 /* Frameworks */ = {
			isa = PBXFrameworksBuildPhase;
			buildActionMask = 2147483647;
			files = (
			);
			runOnlyForDeploymentPostprocessing = 0;
		};
		6E8D1C20295099A7005FA428 /* Frameworks */ = {
			isa = PBXFrameworksBuildPhase;
			buildActionMask = 2147483647;
			files = (
			);
			runOnlyForDeploymentPostprocessing = 0;
		};
		6E8D1C2A295099A7005FA428 /* Frameworks */ = {
			isa = PBXFrameworksBuildPhase;
			buildActionMask = 2147483647;
			files = (
			);
			runOnlyForDeploymentPostprocessing = 0;
		};
/* End PBXFrameworksBuildPhase section */

/* Begin PBXGroup section */
		6E8D1C04295099A5005FA428 = {
			isa = PBXGroup;
			children = (
				6E8D1C0F295099A5005FA428 /* Recognition (iOS) */,
				6E8D1C26295099A7005FA428 /* Recognition (iOS)Tests */,
				6E8D1C30295099A7005FA428 /* Recognition (iOS)UITests */,
				6E8D1C0E295099A5005FA428 /* Products */,
			);
			sourceTree = "<group>";
		};
		6E8D1C0E295099A5005FA428 /* Products */ = {
			isa = PBXGroup;
			children = (
				6E8D1C0D295099A5005FA428 /* Recognition (iOS).app */,
				6E8D1C23295099A7005FA428 /* Recognition (iOS)Tests.xctest */,
				6E8D1C2D295099A7005FA428 /* Recognition (iOS)UITests.xctest */,
			);
			name = Products;
			sourceTree = "<group>";
		};
		6E8D1C0F295099A5005FA428 /* Recognition (iOS) */ = {
			isa = PBXGroup;
			children = (
				6E8D1C10295099A5005FA428 /* AppDelegate.swift */,
				6E8D1C12295099A5005FA428 /* SceneDelegate.swift */,
				6E8D1C14295099A5005FA428 /* ViewController.swift */,
				6E8D1C16295099A5005FA428 /* Main.storyboard */,
				6E8D1C19295099A6005FA428 /* Assets.xcassets */,
				6E8D1C1B295099A6005FA428 /* LaunchScreen.storyboard */,
				6E8D1C1E295099A6005FA428 /* Info.plist */,
			);
			path = "Recognition (iOS)";
			sourceTree = "<group>";
		};
		6E8D1C26295099A7005FA428 /* Recognition (iOS)Tests */ = {
			isa = PBXGroup;
			children = (
				6E8D1C27295099A7005FA428 /* Recognition__iOS_Tests.swift */,
			);
			path = "Recognition (iOS)Tests";
			sourceTree = "<group>";
		};
		6E8D1C30295099A7005FA428 /* Recognition (iOS)UITests */ = {
			isa = PBXGroup;
			children = (
				6E8D1C31295099A7005FA428 /* Recognition__iOS_UITests.swift */,
				6E8D1C33295099A7005FA428 /* Recognition__iOS_UITestsLaunchTests.swift */,
			);
			path = "Recognition (iOS)UITests";
			sourceTree = "<group>";
		};
/* End PBXGroup section */

/* Begin PBXNativeTarget section */
		6E8D1C0C295099A5005FA428 /* Recognition (iOS) */ = {
			isa = PBXNativeTarget;
			buildConfigurationList = 6E8D1C37295099A7005FA428 /* Build configuration list for PBXNativeTarget "Recognition (iOS)" */;
			buildPhases = (
				6E8D1C09295099A5005FA428 /* Sources */,
				6E8D1C0A295099A5005FA428 /* Frameworks */,
				6E8D1C0B295099A5005FA428 /* Resources */,
			);
			buildRules = (
			);
			dependencies = (
			);
			name = "Recognition (iOS)";
			productName = "Recognition (iOS)";
			productReference = 6E8D1C0D295099A5005FA428 /* Recognition (iOS).app */;
			productType = "com.apple.product-type.application";
		};
		6E8D1C22295099A7005FA428 /* Recognition (iOS)Tests */ = {
			isa = PBXNativeTarget;
			buildConfigurationList = 6E8D1C3A295099A7005FA428 /* Build configuration list for PBXNativeTarget "Recognition (iOS)Tests" */;
			buildPhases = (
				6E8D1C1F295099A7005FA428 /* Sources */,
				6E8D1C20295099A7005FA428 /* Frameworks */,
				6E8D1C21295099A7005FA428 /* Resources */,
			);
			buildRules = (
			);
			dependencies = (
				6E8D1C25295099A7005FA428 /* PBXTargetDependency */,
			);
			name = "Recognition (iOS)Tests";
			productName = "Recognition (iOS)Tests";
			productReference = 6E8D1C23295099A7005FA428 /* Recognition (iOS)Tests.xctest */;
			productType = "com.apple.product-type.bundle.unit-test";
		};
		6E8D1C2C295099A7005FA428 /* Recognition (iOS)UITests */ = {
			isa = PBXNativeTarget;
			buildConfigurationList = 6E8D1C3D295099A7005FA428 /* Build configuration list for PBXNativeTarget "Recognition (iOS)UITests" */;
			buildPhases = (
				6E8D1C29295099A7005FA428 /* Sources */,
				6E8D1C2A295099A7005FA428 /* Frameworks */,
				6E8D1C2B295099A7005FA428 /* Resources */,
			);
			buildRules = (
			);
			dependencies = (
				6E8D1C2F295099A7005FA428 /* PBXTargetDependency */,
			);
			name = "Recognition (iOS)UITests";
			productName = "Recognition (iOS)UITests";
			productReference = 6E8D1C2D295099A7005FA428 /* Recognition (iOS)UITests.xctest */;
			productType = "com.apple.product-type.bundle.ui-testing";
		};
/* End PBXNativeTarget section */

/* Begin PBXProject section */
		6E8D1C05295099A5005FA428 /* Project object */ = {
			isa = PBXProject;
			attributes = {
				BuildIndependentTargetsInParallel = 1;
				LastSwiftUpdateCheck = 1410;
				LastUpgradeCheck = 1410;
				TargetAttributes = {
					6E8D1C0C295099A5005FA428 = {
						CreatedOnToolsVersion = 14.1;
					};
					6E8D1C22295099A7005FA428 = {
						CreatedOnToolsVersion = 14.1;
						TestTargetID = 6E8D1C0C295099A5005FA428;
					};
					6E8D1C2C295099A7005FA428 = {
						CreatedOnToolsVersion = 14.1;
						TestTargetID = 6E8D1C0C295099A5005FA428;
					};
				};
			};
			buildConfigurationList = 6E8D1C08295099A5005FA428 /* Build configuration list for PBXProject "Recognition (iOS)" */;
			compatibilityVersion = "Xcode 14.0";
			developmentRegion = en;
			hasScannedForEncodings = 0;
			knownRegions = (
				en,
				Base,
			);
			mainGroup = 6E8D1C04295099A5005FA428;
			productRefGroup = 6E8D1C0E295099A5005FA428 /* Products */;
			projectDirPath = "";
			projectRoot = "";
			targets = (
				6E8D1C0C295099A5005FA428 /* Recognition (iOS) */,
				6E8D1C22295099A7005FA428 /* Recognition (iOS)Tests */,
				6E8D1C2C295099A7005FA428 /* Recognition (iOS)UITests */,
			);
		};
/* End PBXProject section */

/* Begin PBXResourcesBuildPhase section */
		6E8D1C0B295099A5005FA428 /* Resources */ = {
			isa = PBXResourcesBuildPhase;
			buildActionMask = 2147483647;
			files = (
				6E8D1C1D295099A6005FA428 /* LaunchScreen.storyboard in Resources */,
				6E8D1C1A295099A6005FA428 /* Assets.xcassets in Resources */,
				6E8D1C18295099A5005FA428 /* Main.storyboard in Resources */,
			);
			runOnlyForDeploymentPostprocessing = 0;
		};
		6E8D1C21295099A7005FA428 /* Resources */ = {
			isa = PBXResourcesBuildPhase;
			buildActionMask = 2147483647;
			files = (
			);
			runOnlyForDeploymentPostprocessing = 0;
		};
		6E8D1C2B295099A7005FA428 /* Resources */ = {
			isa = PBXResourcesBuildPhase;
			buildActionMask = 2147483647;
			files = (
			);
			runOnlyForDeploymentPostprocessing = 0;
		};
/* End PBXResourcesBuildPhase section */

/* Begin PBXSourcesBuildPhase section */
		6E8D1C09295099A5005FA428 /* Sources */ = {
			isa = PBXSourcesBuildPhase;
			buildActionMask = 2147483647;
			files = (
				6E8D1C15295099A5005FA428 /* ViewController.swift in Sources */,
				6E8D1C11295099A5005FA428 /* AppDelegate.swift in Sources */,
				6E8D1C13295099A5005FA428 /* SceneDelegate.swift in Sources */,
			);
			runOnlyForDeploymentPostprocessing = 0;
		};
		6E8D1C1F295099A7005FA428 /* Sources */ = {
			isa = PBXSourcesBuildPhase;
			buildActionMask = 2147483647;
			files = (
				6E8D1C28295099A7005FA428 /* Recognition__iOS_Tests.swift in Sources */,
			);
			runOnlyForDeploymentPostprocessing = 0;
		};
		6E8D1C29295099A7005FA428 /* Sources */ = {
			isa = PBXSourcesBuildPhase;
			buildActionMask = 2147483647;
			files = (
				6E8D1C34295099A7005FA428 /* Recognition__iOS_UITestsLaunchTests.swift in Sources */,
				6E8D1C32295099A7005FA428 /* Recognition__iOS_UITests.swift in Sources */,
			);
			runOnlyForDeploymentPostprocessing = 0;
		};
/* End PBXSourcesBuildPhase section */

/* Begin PBXTargetDependency section */
		6E8D1C25295099A7005FA428 /* PBXTargetDependency */ = {
			isa = PBXTargetDependency;
			target = 6E8D1C0C295099A5005FA428 /* Recognition (iOS) */;
			targetProxy = 6E8D1C24295099A7005FA428 /* PBXContainerItemProxy */;
		};
		6E8D1C2F295099A7005FA428 /* PBXTargetDependency */ = {
			isa = PBXTargetDependency;
			target = 6E8D1C0C295099A5005FA428 /* Recognition (iOS) */;
			targetProxy = 6E8D1C2E295099A7005FA428 /* PBXContainerItemProxy */;
		};
/* End PBXTargetDependency section */

/* Begin PBXVariantGroup section */
		6E8D1C16295099A5005FA428 /* Main.storyboard */ = {
			isa = PBXVariantGroup;
			children = (
				6E8D1C17295099A5005FA428 /* Base */,
			);
			name = Main.storyboard;
			sourceTree = "<group>";
		};
		6E8D1C1B295099A6005FA428 /* LaunchScreen.storyboard */ = {
			isa = PBXVariantGroup;
			children = (
				6E8D1C1C295099A6005FA428 /* Base */,
			);
			name = LaunchScreen.storyboard;
			sourceTree = "<group>";
		};
/* End PBXVariantGroup section */

/* Begin XCBuildConfiguration section */
		6E8D1C35295099A7005FA428 /* Debug */ = {
			isa = XCBuildConfiguration;
			buildSettings = {
				ALWAYS_SEARCH_USER_PATHS = NO;
				CLANG_ANALYZER_NONNULL = YES;
				CLANG_ANALYZER_NUMBER_OBJECT_CONVERSION = YES_AGGRESSIVE;
				CLANG_CXX_LANGUAGE_STANDARD = "gnu++20";
				CLANG_ENABLE_MODULES = YES;
				CLANG_ENABLE_OBJC_ARC = YES;
				CLANG_ENABLE_OBJC_WEAK = YES;
				CLANG_WARN_BLOCK_CAPTURE_AUTORELEASING = YES;
				CLANG_WARN_BOOL_CONVERSION = YES;
				CLANG_WARN_COMMA = YES;
				CLANG_WARN_CONSTANT_CONVERSION = YES;
				CLANG_WARN_DEPRECATED_OBJC_IMPLEMENTATIONS = YES;
				CLANG_WARN_DIRECT_OBJC_ISA_USAGE = YES_ERROR;
				CLANG_WARN_DOCUMENTATION_COMMENTS = YES;
				CLANG_WARN_EMPTY_BODY = YES;
				CLANG_WARN_ENUM_CONVERSION = YES;
				CLANG_WARN_INFINITE_RECURSION = YES;
				CLANG_WARN_INT_CONVERSION = YES;
				CLANG_WARN_NON_LITERAL_NULL_CONVERSION = YES;
				CLANG_WARN_OBJC_IMPLICIT_RETAIN_SELF = YES;
				CLANG_WARN_OBJC_LITERAL_CONVERSION = YES;
				CLANG_WARN_OBJC_ROOT_CLASS = YES_ERROR;
				CLANG_WARN_QUOTED_INCLUDE_IN_FRAMEWORK_HEADER = YES;
				CLANG_WARN_RANGE_LOOP_ANALYSIS = YES;
				CLANG_WARN_STRICT_PROTOTYPES = YES;
				CLANG_WARN_SUSPICIOUS_MOVE = YES;
				CLANG_WARN_UNGUARDED_AVAILABILITY = YES_AGGRESSIVE;
				CLANG_WARN_UNREACHABLE_CODE = YES;
				CLANG_WARN__DUPLICATE_METHOD_MATCH = YES;
				COPY_PHASE_STRIP = NO;
				DEBUG_INFORMATION_FORMAT = dwarf;
				ENABLE_STRICT_OBJC_MSGSEND = YES;
				ENABLE_TESTABILITY = YES;
				GCC_C_LANGUAGE_STANDARD = gnu11;
				GCC_DYNAMIC_NO_PIC = NO;
				GCC_NO_COMMON_BLOCKS = YES;
				GCC_OPTIMIZATION_LEVEL = 0;
				GCC_PREPROCESSOR_DEFINITIONS = (
					"DEBUG=1",
					"$(inherited)",
				);
				GCC_WARN_64_TO_32_BIT_CONVERSION = YES;
				GCC_WARN_ABOUT_RETURN_TYPE = YES_ERROR;
				GCC_WARN_UNDECLARED_SELECTOR = YES;
				GCC_WARN_UNINITIALIZED_AUTOS = YES_AGGRESSIVE;
				GCC_WARN_UNUSED_FUNCTION = YES;
				GCC_WARN_UNUSED_VARIABLE = YES;
				IPHONEOS_DEPLOYMENT_TARGET = 16.1;
				MTL_ENABLE_DEBUG_INFO = INCLUDE_SOURCE;
				MTL_FAST_MATH = YES;
				ONLY_ACTIVE_ARCH = YES;
				SDKROOT = iphoneos;
				SWIFT_ACTIVE_COMPILATION_CONDITIONS = DEBUG;
				SWIFT_OPTIMIZATION_LEVEL = "-Onone";
			};
			name = Debug;
		};
		6E8D1C36295099A7005FA428 /* Release */ = {
			isa = XCBuildConfiguration;
			buildSettings = {
				ALWAYS_SEARCH_USER_PATHS = NO;
				CLANG_ANALYZER_NONNULL = YES;
				CLANG_ANALYZER_NUMBER_OBJECT_CONVERSION = YES_AGGRESSIVE;
				CLANG_CXX_LANGUAGE_STANDARD = "gnu++20";
				CLANG_ENABLE_MODULES = YES;
				CLANG_ENABLE_OBJC_ARC = YES;
				CLANG_ENABLE_OBJC_WEAK = YES;
				CLANG_WARN_BLOCK_CAPTURE_AUTORELEASING = YES;
				CLANG_WARN_BOOL_CONVERSION = YES;
				CLANG_WARN_COMMA = YES;
				CLANG_WARN_CONSTANT_CONVERSION = YES;
				CLANG_WARN_DEPRECATED_OBJC_IMPLEMENTATIONS = YES;
				CLANG_WARN_DIRECT_OBJC_ISA_USAGE = YES_ERROR;
				CLANG_WARN_DOCUMENTATION_COMMENTS = YES;
				CLANG_WARN_EMPTY_BODY = YES;
				CLANG_WARN_ENUM_CONVERSION = YES;
				CLANG_WARN_INFINITE_RECURSION = YES;
				CLANG_WARN_INT_CONVERSION = YES;
				CLANG_WARN_NON_LITERAL_NULL_CONVERSION = YES;
				CLANG_WARN_OBJC_IMPLICIT_RETAIN_SELF = YES;
				CLANG_WARN_OBJC_LITERAL_CONVERSION = YES;
				CLANG_WARN_OBJC_ROOT_CLASS = YES_ERROR;
				CLANG_WARN_QUOTED_INCLUDE_IN_FRAMEWORK_HEADER = YES;
				CLANG_WARN_RANGE_LOOP_ANALYSIS = YES;
				CLANG_WARN_STRICT_PROTOTYPES = YES;
				CLANG_WARN_SUSPICIOUS_MOVE = YES;
				CLANG_WARN_UNGUARDED_AVAILABILITY = YES_AGGRESSIVE;
				CLANG_WARN_UNREACHABLE_CODE = YES;
				CLANG_WARN__DUPLICATE_METHOD_MATCH = YES;
				COPY_PHASE_STRIP = NO;
				DEBUG_INFORMATION_FORMAT = "dwarf-with-dsym";
				ENABLE_NS_ASSERTIONS = NO;
				ENABLE_STRICT_OBJC_MSGSEND = YES;
				GCC_C_LANGUAGE_STANDARD = gnu11;
				GCC_NO_COMMON_BLOCKS = YES;
				GCC_WARN_64_TO_32_BIT_CONVERSION = YES;
				GCC_WARN_ABOUT_RETURN_TYPE = YES_ERROR;
				GCC_WARN_UNDECLARED_SELECTOR = YES;
				GCC_WARN_UNINITIALIZED_AUTOS = YES_AGGRESSIVE;
				GCC_WARN_UNUSED_FUNCTION = YES;
				GCC_WARN_UNUSED_VARIABLE = YES;
				IPHONEOS_DEPLOYMENT_TARGET = 16.1;
				MTL_ENABLE_DEBUG_INFO = NO;
				MTL_FAST_MATH = YES;
				SDKROOT = iphoneos;
				SWIFT_COMPILATION_MODE = wholemodule;
				SWIFT_OPTIMIZATION_LEVEL = "-O";
				VALIDATE_PRODUCT = YES;
			};
			name = Release;
		};
		6E8D1C38295099A7005FA428 /* Debug */ = {
			isa = XCBuildConfiguration;
			buildSettings = {
				ASSETCATALOG_COMPILER_APPICON_NAME = AppIcon;
				ASSETCATALOG_COMPILER_GLOBAL_ACCENT_COLOR_NAME = AccentColor;
				CODE_SIGN_STYLE = Automatic;
				CURRENT_PROJECT_VERSION = 1;
				DEVELOPMENT_TEAM = P32G84QPGS;
				GENERATE_INFOPLIST_FILE = YES;
				INFOPLIST_FILE = "Recognition (iOS)/Info.plist";
				INFOPLIST_KEY_UIApplicationSupportsIndirectInputEvents = YES;
				INFOPLIST_KEY_UILaunchStoryboardName = LaunchScreen;
				INFOPLIST_KEY_UIMainStoryboardFile = Main;
				INFOPLIST_KEY_UISupportedInterfaceOrientations_iPad = "UIInterfaceOrientationPortrait UIInterfaceOrientationPortraitUpsideDown UIInterfaceOrientationLandscapeLeft UIInterfaceOrientationLandscapeRight";
				INFOPLIST_KEY_UISupportedInterfaceOrientations_iPhone = "UIInterfaceOrientationPortrait UIInterfaceOrientationLandscapeLeft UIInterfaceOrientationLandscapeRight";
				LD_RUNPATH_SEARCH_PATHS = (
					"$(inherited)",
					"@executable_path/Frameworks",
				);
				MARKETING_VERSION = 1.0;
				PRODUCT_BUNDLE_IDENTIFIER = "co.ahmed.Recognition--iOS-";
				PRODUCT_NAME = "$(TARGET_NAME)";
				SWIFT_EMIT_LOC_STRINGS = YES;
				SWIFT_VERSION = 5.0;
				TARGETED_DEVICE_FAMILY = "1,2";
			};
			name = Debug;
		};
		6E8D1C39295099A7005FA428 /* Release */ = {
			isa = XCBuildConfiguration;
			buildSettings = {
				ASSETCATALOG_COMPILER_APPICON_NAME = AppIcon;
				ASSETCATALOG_COMPILER_GLOBAL_ACCENT_COLOR_NAME = AccentColor;
				CODE_SIGN_STYLE = Automatic;
				CURRENT_PROJECT_VERSION = 1;
				DEVELOPMENT_TEAM = P32G84QPGS;
				GENERATE_INFOPLIST_FILE = YES;
				INFOPLIST_FILE = "Recognition (iOS)/Info.plist";
				INFOPLIST_KEY_UIApplicationSupportsIndirectInputEvents = YES;
				INFOPLIST_KEY_UILaunchStoryboardName = LaunchScreen;
				INFOPLIST_KEY_UIMainStoryboardFile = Main;
				INFOPLIST_KEY_UISupportedInterfaceOrientations_iPad = "UIInterfaceOrientationPortrait UIInterfaceOrientationPortraitUpsideDown UIInterfaceOrientationLandscapeLeft UIInterfaceOrientationLandscapeRight";
				INFOPLIST_KEY_UISupportedInterfaceOrientations_iPhone = "UIInterfaceOrientationPortrait UIInterfaceOrientationLandscapeLeft UIInterfaceOrientationLandscapeRight";
				LD_RUNPATH_SEARCH_PATHS = (
					"$(inherited)",
					"@executable_path/Frameworks",
				);
				MARKETING_VERSION = 1.0;
				PRODUCT_BUNDLE_IDENTIFIER = "co.ahmed.Recognition--iOS-";
				PRODUCT_NAME = "$(TARGET_NAME)";
				SWIFT_EMIT_LOC_STRINGS = YES;
				SWIFT_VERSION = 5.0;
				TARGETED_DEVICE_FAMILY = "1,2";
			};
			name = Release;
		};
		6E8D1C3B295099A7005FA428 /* Debug */ = {
			isa = XCBuildConfiguration;
			buildSettings = {
				ALWAYS_EMBED_SWIFT_STANDARD_LIBRARIES = YES;
				BUNDLE_LOADER = "$(TEST_HOST)";
				CODE_SIGN_STYLE = Automatic;
				CURRENT_PROJECT_VERSION = 1;
				DEVELOPMENT_TEAM = P32G84QPGS;
				GENERATE_INFOPLIST_FILE = YES;
				IPHONEOS_DEPLOYMENT_TARGET = 16.1;
				MARKETING_VERSION = 1.0;
				PRODUCT_BUNDLE_IDENTIFIER = "co.ahmed.Recognition--iOS-Tests";
				PRODUCT_NAME = "$(TARGET_NAME)";
				SWIFT_EMIT_LOC_STRINGS = NO;
				SWIFT_VERSION = 5.0;
				TARGETED_DEVICE_FAMILY = "1,2";
				TEST_HOST = "$(BUILT_PRODUCTS_DIR)/Recognition (iOS).app/$(BUNDLE_EXECUTABLE_FOLDER_PATH)/Recognition (iOS)";
			};
			name = Debug;
		};
		6E8D1C3C295099A7005FA428 /* Release */ = {
			isa = XCBuildConfiguration;
			buildSettings = {
				ALWAYS_EMBED_SWIFT_STANDARD_LIBRARIES = YES;
				BUNDLE_LOADER = "$(TEST_HOST)";
				CODE_SIGN_STYLE = Automatic;
				CURRENT_PROJECT_VERSION = 1;
				DEVELOPMENT_TEAM = P32G84QPGS;
				GENERATE_INFOPLIST_FILE = YES;
				IPHONEOS_DEPLOYMENT_TARGET = 16.1;
				MARKETING_VERSION = 1.0;
				PRODUCT_BUNDLE_IDENTIFIER = "co.ahmed.Recognition--iOS-Tests";
				PRODUCT_NAME = "$(TARGET_NAME)";
				SWIFT_EMIT_LOC_STRINGS = NO;
				SWIFT_VERSION = 5.0;
				TARGETED_DEVICE_FAMILY = "1,2";
				TEST_HOST = "$(BUILT_PRODUCTS_DIR)/Recognition (iOS).app/$(BUNDLE_EXECUTABLE_FOLDER_PATH)/Recognition (iOS)";
			};
			name = Release;
		};
		6E8D1C3E295099A7005FA428 /* Debug */ = {
			isa = XCBuildConfiguration;
			buildSettings = {
				ALWAYS_EMBED_SWIFT_STANDARD_LIBRARIES = YES;
				CODE_SIGN_STYLE = Automatic;
				CURRENT_PROJECT_VERSION = 1;
				DEVELOPMENT_TEAM = P32G84QPGS;
				GENERATE_INFOPLIST_FILE = YES;
				MARKETING_VERSION = 1.0;
				PRODUCT_BUNDLE_IDENTIFIER = "co.ahmed.Recognition--iOS-UITests";
				PRODUCT_NAME = "$(TARGET_NAME)";
				SWIFT_EMIT_LOC_STRINGS = NO;
				SWIFT_VERSION = 5.0;
				TARGETED_DEVICE_FAMILY = "1,2";
				TEST_TARGET_NAME = "Recognition (iOS)";
			};
			name = Debug;
		};
		6E8D1C3F295099A7005FA428 /* Release */ = {
			isa = XCBuildConfiguration;
			buildSettings = {
				ALWAYS_EMBED_SWIFT_STANDARD_LIBRARIES = YES;
				CODE_SIGN_STYLE = Automatic;
				CURRENT_PROJECT_VERSION = 1;
				DEVELOPMENT_TEAM = P32G84QPGS;
				GENERATE_INFOPLIST_FILE = YES;
				MARKETING_VERSION = 1.0;
				PRODUCT_BUNDLE_IDENTIFIER = "co.ahmed.Recognition--iOS-UITests";
				PRODUCT_NAME = "$(TARGET_NAME)";
				SWIFT_EMIT_LOC_STRINGS = NO;
				SWIFT_VERSION = 5.0;
				TARGETED_DEVICE_FAMILY = "1,2";
				TEST_TARGET_NAME = "Recognition (iOS)";
			};
			name = Release;
		};
/* End XCBuildConfiguration section */

/* Begin XCConfigurationList section */
		6E8D1C08295099A5005FA428 /* Build configuration list for PBXProject "Recognition (iOS)" */ = {
			isa = XCConfigurationList;
			buildConfigurations = (
				6E8D1C35295099A7005FA428 /* Debug */,
				6E8D1C36295099A7005FA428 /* Release */,
			);
			defaultConfigurationIsVisible = 0;
			defaultConfigurationName = Release;
		};
		6E8D1C37295099A7005FA428 /* Build configuration list for PBXNativeTarget "Recognition (iOS)" */ = {
			isa = XCConfigurationList;
			buildConfigurations = (
				6E8D1C38295099A7005FA428 /* Debug */,
				6E8D1C39295099A7005FA428 /* Release */,
			);
			defaultConfigurationIsVisible = 0;
			defaultConfigurationName = Release;
		};
		6E8D1C3A295099A7005FA428 /* Build configuration list for PBXNativeTarget "Recognition (iOS)Tests" */ = {
			isa = XCConfigurationList;
			buildConfigurations = (
				6E8D1C3B295099A7005FA428 /* Debug */,
				6E8D1C3C295099A7005FA428 /* Release */,
			);
			defaultConfigurationIsVisible = 0;
			defaultConfigurationName = Release;
		};
		6E8D1C3D295099A7005FA428 /* Build configuration list for PBXNativeTarget "Recognition (iOS)UITests" */ = {
			isa = XCConfigurationList;
			buildConfigurations = (
				6E8D1C3E295099A7005FA428 /* Debug */,
				6E8D1C3F295099A7005FA428 /* Release */,
			);
			defaultConfigurationIsVisible = 0;
			defaultConfigurationName = Release;
		};
/* End XCConfigurationList section */
	};
	rootObject = 6E8D1C05295099A5005FA428 /* Project object */;
}
